// !$*UTF8*$!
{
	archiveVersion = 1;
	classes = {
	};
	objectVersion = 55;
	objects = {

/* Begin PBXBuildFile section */
		1620C9C427ADBD6700168D20 /* SignupSigninValidation.swift in Sources */ = {isa = PBXBuildFile; fileRef = 1620C9C327ADBD6700168D20 /* SignupSigninValidation.swift */; };
		1632AA3827B5944400A4FDC1 /* MoviesModel.swift in Sources */ = {isa = PBXBuildFile; fileRef = 1632AA3727B5944400A4FDC1 /* MoviesModel.swift */; };
		1632AA3A27B5A07D00A4FDC1 /* PopularMoviesViewModel.swift in Sources */ = {isa = PBXBuildFile; fileRef = 1632AA3927B5A07D00A4FDC1 /* PopularMoviesViewModel.swift */; };
		163F6FC327B1B0E000397D94 /* ProfileView.swift in Sources */ = {isa = PBXBuildFile; fileRef = 163F6FC227B1B0E000397D94 /* ProfileView.swift */; };
		163F6FC527B1B11C00397D94 /* HomeView.swift in Sources */ = {isa = PBXBuildFile; fileRef = 163F6FC427B1B11C00397D94 /* HomeView.swift */; };
		163F6FC727B1B18600397D94 /* LikesView.swift in Sources */ = {isa = PBXBuildFile; fileRef = 163F6FC627B1B18600397D94 /* LikesView.swift */; };
		163F6FC927B2049300397D94 /* EditProfileView.swift in Sources */ = {isa = PBXBuildFile; fileRef = 163F6FC827B2049300397D94 /* EditProfileView.swift */; };
		164788D827A8BA1900C4DC77 /* AppCineApp.swift in Sources */ = {isa = PBXBuildFile; fileRef = 164788D727A8BA1900C4DC77 /* AppCineApp.swift */; };
		164788DC27A8BA1B00C4DC77 /* Assets.xcassets in Resources */ = {isa = PBXBuildFile; fileRef = 164788DB27A8BA1B00C4DC77 /* Assets.xcassets */; };
		164788DF27A8BA1B00C4DC77 /* Preview Assets.xcassets in Resources */ = {isa = PBXBuildFile; fileRef = 164788DE27A8BA1B00C4DC77 /* Preview Assets.xcassets */; };
		164788E627A8BAFB00C4DC77 /* SigninView.swift in Sources */ = {isa = PBXBuildFile; fileRef = 164788E527A8BAFB00C4DC77 /* SigninView.swift */; };
		164788E927A8C32B00C4DC77 /* Lottie in Frameworks */ = {isa = PBXBuildFile; productRef = 164788E827A8C32B00C4DC77 /* Lottie */; };
		164788EB27A8C38900C4DC77 /* LottieImage.swift in Sources */ = {isa = PBXBuildFile; fileRef = 164788EA27A8C38900C4DC77 /* LottieImage.swift */; };
		164788ED27A8C67000C4DC77 /* popcorn.json in Resources */ = {isa = PBXBuildFile; fileRef = 164788EC27A8C67000C4DC77 /* popcorn.json */; };
		16644C0627AC8530006886C8 /* SUImagePickerView.swift in Sources */ = {isa = PBXBuildFile; fileRef = 16644C0527AC8530006886C8 /* SUImagePickerView.swift */; };
		16644C0927AC9041006886C8 /* SaveLocalData.swift in Sources */ = {isa = PBXBuildFile; fileRef = 16644C0827AC9041006886C8 /* SaveLocalData.swift */; };
		1675721F27C40A020090966A /* FirebaseFirestore in Frameworks */ = {isa = PBXBuildFile; productRef = 1675721E27C40A020090966A /* FirebaseFirestore */; };
		1675722127C40A020090966A /* FirebaseFirestoreSwift-Beta in Frameworks */ = {isa = PBXBuildFile; productRef = 1675722027C40A020090966A /* FirebaseFirestoreSwift-Beta */; };
		1675722427C40A6B0090966A /* LikesViewModel.swift in Sources */ = {isa = PBXBuildFile; fileRef = 1675722327C40A6B0090966A /* LikesViewModel.swift */; };
		1675722627C40AAD0090966A /* LikesRepository.swift in Sources */ = {isa = PBXBuildFile; fileRef = 1675722527C40AAD0090966A /* LikesRepository.swift */; };
		1675722827C40AD00090966A /* LikesDataSource.swift in Sources */ = {isa = PBXBuildFile; fileRef = 1675722727C40AD00090966A /* LikesDataSource.swift */; };
		1675722A27C80CBC0090966A /* LikesModel.swift in Sources */ = {isa = PBXBuildFile; fileRef = 1675722927C80CBB0090966A /* LikesModel.swift */; };
		1675722D27C80DBB0090966A /* UpdateUserDataViewModel.swift in Sources */ = {isa = PBXBuildFile; fileRef = 1675722C27C80DBB0090966A /* UpdateUserDataViewModel.swift */; };
		1675722F27C989FD0090966A /* FirebaseStorage in Frameworks */ = {isa = PBXBuildFile; productRef = 1675722E27C989FD0090966A /* FirebaseStorage */; };
		1675723127C989FD0090966A /* FirebaseStorageSwift-Beta in Frameworks */ = {isa = PBXBuildFile; productRef = 1675723027C989FD0090966A /* FirebaseStorageSwift-Beta */; };
		1675723327CAF7FA0090966A /* ImagePicker.swift in Sources */ = {isa = PBXBuildFile; fileRef = 1675723227CAF7FA0090966A /* ImagePicker.swift */; };
		168B6A4127B842C6000EE04D /* Kingfisher in Frameworks */ = {isa = PBXBuildFile; productRef = 168B6A4027B842C6000EE04D /* Kingfisher */; };
		168B6A4327B88800000EE04D /* UpcomingMoviesViewModel.swift in Sources */ = {isa = PBXBuildFile; fileRef = 168B6A4227B88800000EE04D /* UpcomingMoviesViewModel.swift */; };
		168B6A4527B88D3D000EE04D /* TopRatedMoviesViewModel.swift in Sources */ = {isa = PBXBuildFile; fileRef = 168B6A4427B88D3D000EE04D /* TopRatedMoviesViewModel.swift */; };
		168B6A4727B96C0A000EE04D /* MovieDetailView.swift in Sources */ = {isa = PBXBuildFile; fileRef = 168B6A4627B96C0A000EE04D /* MovieDetailView.swift */; };
		169DFC2227A8D34400B3200A /* SplashView.swift in Sources */ = {isa = PBXBuildFile; fileRef = 169DFC2127A8D34400B3200A /* SplashView.swift */; };
		16DD4EA827AB1ECE00135585 /* DashboardView.swift in Sources */ = {isa = PBXBuildFile; fileRef = 16DD4EA727AB1ECE00135585 /* DashboardView.swift */; };
		16DD4EAA27AB207F00135585 /* AvatarNicknameView.swift in Sources */ = {isa = PBXBuildFile; fileRef = 16DD4EA927AB207F00135585 /* AvatarNicknameView.swift */; };
		16F3216927C188A300E90284 /* CommentView.swift in Sources */ = {isa = PBXBuildFile; fileRef = 16F3216827C188A300E90284 /* CommentView.swift */; };
		16FD8AB927BABF74000C4D8F /* FirebaseAnalytics in Frameworks */ = {isa = PBXBuildFile; productRef = 16FD8AB827BABF74000C4D8F /* FirebaseAnalytics */; };
		16FD8ABB27BABF74000C4D8F /* FirebaseAnalyticsSwift-Beta in Frameworks */ = {isa = PBXBuildFile; productRef = 16FD8ABA27BABF74000C4D8F /* FirebaseAnalyticsSwift-Beta */; };
		16FD8ABD27BABFC3000C4D8F /* GoogleService-Info.plist in Resources */ = {isa = PBXBuildFile; fileRef = 16FD8ABC27BABFC3000C4D8F /* GoogleService-Info.plist */; };
		16FD8AC027BAC45B000C4D8F /* FirebaseAuth in Frameworks */ = {isa = PBXBuildFile; productRef = 16FD8ABF27BAC45B000C4D8F /* FirebaseAuth */; };
		16FD8AC227BC34EB000C4D8F /* AuthenrticationFirebaseDatasource.swift in Sources */ = {isa = PBXBuildFile; fileRef = 16FD8AC127BC34EB000C4D8F /* AuthenrticationFirebaseDatasource.swift */; };
		16FD8AC427BC394D000C4D8F /* AuthenticationRepository.swift in Sources */ = {isa = PBXBuildFile; fileRef = 16FD8AC327BC394D000C4D8F /* AuthenticationRepository.swift */; };
		16FD8AC627BC3BB0000C4D8F /* AuthenticationViewModel.swift in Sources */ = {isa = PBXBuildFile; fileRef = 16FD8AC527BC3BB0000C4D8F /* AuthenticationViewModel.swift */; };
		16FD8ACA27BC65F3000C4D8F /* ForgotPasswordView.swift in Sources */ = {isa = PBXBuildFile; fileRef = 16FD8AC927BC65F3000C4D8F /* ForgotPasswordView.swift */; };
		16FD8ACD27BED374000C4D8F /* GoogleSignIn in Frameworks */ = {isa = PBXBuildFile; productRef = 16FD8ACC27BED374000C4D8F /* GoogleSignIn */; };
/* End PBXBuildFile section */

/* Begin PBXFileReference section */
		1620C9C327ADBD6700168D20 /* SignupSigninValidation.swift */ = {isa = PBXFileReference; lastKnownFileType = sourcecode.swift; path = SignupSigninValidation.swift; sourceTree = "<group>"; };
		1632AA3727B5944400A4FDC1 /* MoviesModel.swift */ = {isa = PBXFileReference; lastKnownFileType = sourcecode.swift; path = MoviesModel.swift; sourceTree = "<group>"; };
		1632AA3927B5A07D00A4FDC1 /* PopularMoviesViewModel.swift */ = {isa = PBXFileReference; lastKnownFileType = sourcecode.swift; path = PopularMoviesViewModel.swift; sourceTree = "<group>"; };
		163F6FC227B1B0E000397D94 /* ProfileView.swift */ = {isa = PBXFileReference; lastKnownFileType = sourcecode.swift; path = ProfileView.swift; sourceTree = "<group>"; };
		163F6FC427B1B11C00397D94 /* HomeView.swift */ = {isa = PBXFileReference; lastKnownFileType = sourcecode.swift; path = HomeView.swift; sourceTree = "<group>"; };
		163F6FC627B1B18600397D94 /* LikesView.swift */ = {isa = PBXFileReference; lastKnownFileType = sourcecode.swift; path = LikesView.swift; sourceTree = "<group>"; };
		163F6FC827B2049300397D94 /* EditProfileView.swift */ = {isa = PBXFileReference; lastKnownFileType = sourcecode.swift; path = EditProfileView.swift; sourceTree = "<group>"; };
		164788D427A8BA1900C4DC77 /* AppCine.app */ = {isa = PBXFileReference; explicitFileType = wrapper.application; includeInIndex = 0; path = AppCine.app; sourceTree = BUILT_PRODUCTS_DIR; };
		164788D727A8BA1900C4DC77 /* AppCineApp.swift */ = {isa = PBXFileReference; lastKnownFileType = sourcecode.swift; path = AppCineApp.swift; sourceTree = "<group>"; };
		164788DB27A8BA1B00C4DC77 /* Assets.xcassets */ = {isa = PBXFileReference; lastKnownFileType = folder.assetcatalog; path = Assets.xcassets; sourceTree = "<group>"; };
		164788DE27A8BA1B00C4DC77 /* Preview Assets.xcassets */ = {isa = PBXFileReference; lastKnownFileType = folder.assetcatalog; path = "Preview Assets.xcassets"; sourceTree = "<group>"; };
		164788E527A8BAFB00C4DC77 /* SigninView.swift */ = {isa = PBXFileReference; lastKnownFileType = sourcecode.swift; path = SigninView.swift; sourceTree = "<group>"; };
		164788EA27A8C38900C4DC77 /* LottieImage.swift */ = {isa = PBXFileReference; lastKnownFileType = sourcecode.swift; path = LottieImage.swift; sourceTree = "<group>"; };
		164788EC27A8C67000C4DC77 /* popcorn.json */ = {isa = PBXFileReference; fileEncoding = 4; lastKnownFileType = text.json; path = popcorn.json; sourceTree = "<group>"; };
		16644C0527AC8530006886C8 /* SUImagePickerView.swift */ = {isa = PBXFileReference; fileEncoding = 4; lastKnownFileType = sourcecode.swift; path = SUImagePickerView.swift; sourceTree = "<group>"; };
		16644C0727AC8D45006886C8 /* Info.plist */ = {isa = PBXFileReference; lastKnownFileType = text.plist; path = Info.plist; sourceTree = "<group>"; };
		16644C0827AC9041006886C8 /* SaveLocalData.swift */ = {isa = PBXFileReference; lastKnownFileType = sourcecode.swift; path = SaveLocalData.swift; sourceTree = "<group>"; };
		1675722327C40A6B0090966A /* LikesViewModel.swift */ = {isa = PBXFileReference; lastKnownFileType = sourcecode.swift; path = LikesViewModel.swift; sourceTree = "<group>"; };
		1675722527C40AAD0090966A /* LikesRepository.swift */ = {isa = PBXFileReference; lastKnownFileType = sourcecode.swift; path = LikesRepository.swift; sourceTree = "<group>"; };
		1675722727C40AD00090966A /* LikesDataSource.swift */ = {isa = PBXFileReference; lastKnownFileType = sourcecode.swift; path = LikesDataSource.swift; sourceTree = "<group>"; };
		1675722927C80CBB0090966A /* LikesModel.swift */ = {isa = PBXFileReference; lastKnownFileType = sourcecode.swift; path = LikesModel.swift; sourceTree = "<group>"; };
		1675722C27C80DBB0090966A /* UpdateUserDataViewModel.swift */ = {isa = PBXFileReference; lastKnownFileType = sourcecode.swift; path = UpdateUserDataViewModel.swift; sourceTree = "<group>"; };
		1675723227CAF7FA0090966A /* ImagePicker.swift */ = {isa = PBXFileReference; lastKnownFileType = sourcecode.swift; path = ImagePicker.swift; sourceTree = "<group>"; };
		168B6A4227B88800000EE04D /* UpcomingMoviesViewModel.swift */ = {isa = PBXFileReference; lastKnownFileType = sourcecode.swift; path = UpcomingMoviesViewModel.swift; sourceTree = "<group>"; };
		168B6A4427B88D3D000EE04D /* TopRatedMoviesViewModel.swift */ = {isa = PBXFileReference; lastKnownFileType = sourcecode.swift; path = TopRatedMoviesViewModel.swift; sourceTree = "<group>"; };
		168B6A4627B96C0A000EE04D /* MovieDetailView.swift */ = {isa = PBXFileReference; lastKnownFileType = sourcecode.swift; path = MovieDetailView.swift; sourceTree = "<group>"; };
		169DFC2127A8D34400B3200A /* SplashView.swift */ = {isa = PBXFileReference; lastKnownFileType = sourcecode.swift; path = SplashView.swift; sourceTree = "<group>"; };
		16DD4EA727AB1ECE00135585 /* DashboardView.swift */ = {isa = PBXFileReference; lastKnownFileType = sourcecode.swift; path = DashboardView.swift; sourceTree = "<group>"; };
		16DD4EA927AB207F00135585 /* AvatarNicknameView.swift */ = {isa = PBXFileReference; lastKnownFileType = sourcecode.swift; path = AvatarNicknameView.swift; sourceTree = "<group>"; };
		16F3216827C188A300E90284 /* CommentView.swift */ = {isa = PBXFileReference; lastKnownFileType = sourcecode.swift; path = CommentView.swift; sourceTree = "<group>"; };
		16FD8ABC27BABFC3000C4D8F /* GoogleService-Info.plist */ = {isa = PBXFileReference; fileEncoding = 4; lastKnownFileType = text.plist.xml; path = "GoogleService-Info.plist"; sourceTree = "<group>"; };
		16FD8AC127BC34EB000C4D8F /* AuthenrticationFirebaseDatasource.swift */ = {isa = PBXFileReference; lastKnownFileType = sourcecode.swift; path = AuthenrticationFirebaseDatasource.swift; sourceTree = "<group>"; };
		16FD8AC327BC394D000C4D8F /* AuthenticationRepository.swift */ = {isa = PBXFileReference; lastKnownFileType = sourcecode.swift; path = AuthenticationRepository.swift; sourceTree = "<group>"; };
		16FD8AC527BC3BB0000C4D8F /* AuthenticationViewModel.swift */ = {isa = PBXFileReference; lastKnownFileType = sourcecode.swift; path = AuthenticationViewModel.swift; sourceTree = "<group>"; };
		16FD8AC927BC65F3000C4D8F /* ForgotPasswordView.swift */ = {isa = PBXFileReference; lastKnownFileType = sourcecode.swift; path = ForgotPasswordView.swift; sourceTree = "<group>"; };
/* End PBXFileReference section */

/* Begin PBXFrameworksBuildPhase section */
		164788D127A8BA1900C4DC77 /* Frameworks */ = {
			isa = PBXFrameworksBuildPhase;
			buildActionMask = 2147483647;
			files = (
				168B6A4127B842C6000EE04D /* Kingfisher in Frameworks */,
				16FD8AC027BAC45B000C4D8F /* FirebaseAuth in Frameworks */,
				1675722F27C989FD0090966A /* FirebaseStorage in Frameworks */,
				164788E927A8C32B00C4DC77 /* Lottie in Frameworks */,
				16FD8ABB27BABF74000C4D8F /* FirebaseAnalyticsSwift-Beta in Frameworks */,
				1675723127C989FD0090966A /* FirebaseStorageSwift-Beta in Frameworks */,
				16FD8AB927BABF74000C4D8F /* FirebaseAnalytics in Frameworks */,
				1675722127C40A020090966A /* FirebaseFirestoreSwift-Beta in Frameworks */,
				16FD8ACD27BED374000C4D8F /* GoogleSignIn in Frameworks */,
				1675721F27C40A020090966A /* FirebaseFirestore in Frameworks */,
			);
			runOnlyForDeploymentPostprocessing = 0;
		};
/* End PBXFrameworksBuildPhase section */

/* Begin PBXGroup section */
		164788CB27A8BA1900C4DC77 = {
			isa = PBXGroup;
			children = (
				164788D627A8BA1900C4DC77 /* AppCine */,
				164788D527A8BA1900C4DC77 /* Products */,
				16FD8ABE27BAC45B000C4D8F /* Frameworks */,
			);
			sourceTree = "<group>";
		};
		164788D527A8BA1900C4DC77 /* Products */ = {
			isa = PBXGroup;
			children = (
				164788D427A8BA1900C4DC77 /* AppCine.app */,
			);
			name = Products;
			sourceTree = "<group>";
		};
		164788D627A8BA1900C4DC77 /* AppCine */ = {
			isa = PBXGroup;
			children = (
				16644C0727AC8D45006886C8 /* Info.plist */,
				164788D727A8BA1900C4DC77 /* AppCineApp.swift */,
				169DFC2527A8D5AD00B3200A /* ViewModels */,
				169DFC2427A8D59D00B3200A /* Models */,
				169DFC2327A8D4DD00B3200A /* Views */,
				164788EC27A8C67000C4DC77 /* popcorn.json */,
				16FD8ABC27BABFC3000C4D8F /* GoogleService-Info.plist */,
				164788DB27A8BA1B00C4DC77 /* Assets.xcassets */,
				164788DD27A8BA1B00C4DC77 /* Preview Content */,
			);
			path = AppCine;
			sourceTree = "<group>";
		};
		164788DD27A8BA1B00C4DC77 /* Preview Content */ = {
			isa = PBXGroup;
			children = (
				164788DE27A8BA1B00C4DC77 /* Preview Assets.xcassets */,
			);
			path = "Preview Content";
			sourceTree = "<group>";
		};
		1675722227C40A540090966A /* DB */ = {
			isa = PBXGroup;
			children = (
				1675722327C40A6B0090966A /* LikesViewModel.swift */,
				1675722527C40AAD0090966A /* LikesRepository.swift */,
				1675722727C40AD00090966A /* LikesDataSource.swift */,
			);
			path = DB;
			sourceTree = "<group>";
		};
		1675722B27C80D930090966A /* UserDataUpdate */ = {
			isa = PBXGroup;
			children = (
				1675722C27C80DBB0090966A /* UpdateUserDataViewModel.swift */,
			);
			path = UserDataUpdate;
			sourceTree = "<group>";
		};
		169DFC2327A8D4DD00B3200A /* Views */ = {
			isa = PBXGroup;
			children = (
				169DFC2127A8D34400B3200A /* SplashView.swift */,
				164788E527A8BAFB00C4DC77 /* SigninView.swift */,
				16DD4EA727AB1ECE00135585 /* DashboardView.swift */,
				16DD4EA927AB207F00135585 /* AvatarNicknameView.swift */,
				163F6FC227B1B0E000397D94 /* ProfileView.swift */,
				163F6FC427B1B11C00397D94 /* HomeView.swift */,
				163F6FC627B1B18600397D94 /* LikesView.swift */,
				163F6FC827B2049300397D94 /* EditProfileView.swift */,
				168B6A4627B96C0A000EE04D /* MovieDetailView.swift */,
				16FD8AC927BC65F3000C4D8F /* ForgotPasswordView.swift */,
				16F3216827C188A300E90284 /* CommentView.swift */,
			);
			path = Views;
			sourceTree = "<group>";
		};
		169DFC2427A8D59D00B3200A /* Models */ = {
			isa = PBXGroup;
			children = (
				16644C0827AC9041006886C8 /* SaveLocalData.swift */,
				1632AA3727B5944400A4FDC1 /* MoviesModel.swift */,
				1675722927C80CBB0090966A /* LikesModel.swift */,
			);
			path = Models;
			sourceTree = "<group>";
		};
		169DFC2527A8D5AD00B3200A /* ViewModels */ = {
			isa = PBXGroup;
			children = (
				1675722B27C80D930090966A /* UserDataUpdate */,
				1675722227C40A540090966A /* DB */,
				16FD8AC827BC55E2000C4D8F /* API */,
				16FD8AC727BC55B0000C4D8F /* Authentication */,
				164788EA27A8C38900C4DC77 /* LottieImage.swift */,
				16644C0527AC8530006886C8 /* SUImagePickerView.swift */,
				1675723227CAF7FA0090966A /* ImagePicker.swift */,
			);
			path = ViewModels;
			sourceTree = "<group>";
		};
		16FD8ABE27BAC45B000C4D8F /* Frameworks */ = {
			isa = PBXGroup;
			children = (
			);
			name = Frameworks;
			sourceTree = "<group>";
		};
		16FD8AC727BC55B0000C4D8F /* Authentication */ = {
			isa = PBXGroup;
			children = (
				1620C9C327ADBD6700168D20 /* SignupSigninValidation.swift */,
				16FD8AC127BC34EB000C4D8F /* AuthenrticationFirebaseDatasource.swift */,
				16FD8AC327BC394D000C4D8F /* AuthenticationRepository.swift */,
				16FD8AC527BC3BB0000C4D8F /* AuthenticationViewModel.swift */,
			);
			path = Authentication;
			sourceTree = "<group>";
		};
		16FD8AC827BC55E2000C4D8F /* API */ = {
			isa = PBXGroup;
			children = (
				1632AA3927B5A07D00A4FDC1 /* PopularMoviesViewModel.swift */,
				168B6A4227B88800000EE04D /* UpcomingMoviesViewModel.swift */,
				168B6A4427B88D3D000EE04D /* TopRatedMoviesViewModel.swift */,
			);
			path = API;
			sourceTree = "<group>";
		};
/* End PBXGroup section */

/* Begin PBXNativeTarget section */
		164788D327A8BA1900C4DC77 /* AppCine */ = {
			isa = PBXNativeTarget;
			buildConfigurationList = 164788E227A8BA1B00C4DC77 /* Build configuration list for PBXNativeTarget "AppCine" */;
			buildPhases = (
				164788D027A8BA1900C4DC77 /* Sources */,
				164788D127A8BA1900C4DC77 /* Frameworks */,
				164788D227A8BA1900C4DC77 /* Resources */,
			);
			buildRules = (
			);
			dependencies = (
			);
			name = AppCine;
			packageProductDependencies = (
				164788E827A8C32B00C4DC77 /* Lottie */,
				168B6A4027B842C6000EE04D /* Kingfisher */,
				16FD8AB827BABF74000C4D8F /* FirebaseAnalytics */,
				16FD8ABA27BABF74000C4D8F /* FirebaseAnalyticsSwift-Beta */,
				16FD8ABF27BAC45B000C4D8F /* FirebaseAuth */,
				16FD8ACC27BED374000C4D8F /* GoogleSignIn */,
				1675721E27C40A020090966A /* FirebaseFirestore */,
				1675722027C40A020090966A /* FirebaseFirestoreSwift-Beta */,
				1675722E27C989FD0090966A /* FirebaseStorage */,
				1675723027C989FD0090966A /* FirebaseStorageSwift-Beta */,
			);
			productName = AppCine;
			productReference = 164788D427A8BA1900C4DC77 /* AppCine.app */;
			productType = "com.apple.product-type.application";
		};
/* End PBXNativeTarget section */

/* Begin PBXProject section */
		164788CC27A8BA1900C4DC77 /* Project object */ = {
			isa = PBXProject;
			attributes = {
				BuildIndependentTargetsInParallel = 1;
				LastSwiftUpdateCheck = 1320;
				LastUpgradeCheck = 1320;
				TargetAttributes = {
					164788D327A8BA1900C4DC77 = {
						CreatedOnToolsVersion = 13.2.1;
					};
				};
			};
			buildConfigurationList = 164788CF27A8BA1900C4DC77 /* Build configuration list for PBXProject "AppCine" */;
			compatibilityVersion = "Xcode 13.0";
			developmentRegion = en;
			hasScannedForEncodings = 0;
			knownRegions = (
				en,
				Base,
			);
			mainGroup = 164788CB27A8BA1900C4DC77;
			packageReferences = (
				164788E727A8C32B00C4DC77 /* XCRemoteSwiftPackageReference "lottie-ios" */,
				168B6A3F27B842C5000EE04D /* XCRemoteSwiftPackageReference "Kingfisher" */,
				16FD8AB727BABF74000C4D8F /* XCRemoteSwiftPackageReference "firebase-ios-sdk" */,
				16FD8ACB27BED373000C4D8F /* XCRemoteSwiftPackageReference "GoogleSignIn-iOS" */,
			);
			productRefGroup = 164788D527A8BA1900C4DC77 /* Products */;
			projectDirPath = "";
			projectRoot = "";
			targets = (
				164788D327A8BA1900C4DC77 /* AppCine */,
			);
		};
/* End PBXProject section */

/* Begin PBXResourcesBuildPhase section */
		164788D227A8BA1900C4DC77 /* Resources */ = {
			isa = PBXResourcesBuildPhase;
			buildActionMask = 2147483647;
			files = (
				164788DF27A8BA1B00C4DC77 /* Preview Assets.xcassets in Resources */,
				16FD8ABD27BABFC3000C4D8F /* GoogleService-Info.plist in Resources */,
				164788ED27A8C67000C4DC77 /* popcorn.json in Resources */,
				164788DC27A8BA1B00C4DC77 /* Assets.xcassets in Resources */,
			);
			runOnlyForDeploymentPostprocessing = 0;
		};
/* End PBXResourcesBuildPhase section */

/* Begin PBXSourcesBuildPhase section */
		164788D027A8BA1900C4DC77 /* Sources */ = {
			isa = PBXSourcesBuildPhase;
			buildActionMask = 2147483647;
			files = (
				164788D827A8BA1900C4DC77 /* AppCineApp.swift in Sources */,
				163F6FC727B1B18600397D94 /* LikesView.swift in Sources */,
				169DFC2227A8D34400B3200A /* SplashView.swift in Sources */,
				1675722D27C80DBB0090966A /* UpdateUserDataViewModel.swift in Sources */,
				163F6FC327B1B0E000397D94 /* ProfileView.swift in Sources */,
				1632AA3A27B5A07D00A4FDC1 /* PopularMoviesViewModel.swift in Sources */,
				16644C0927AC9041006886C8 /* SaveLocalData.swift in Sources */,
				1620C9C427ADBD6700168D20 /* SignupSigninValidation.swift in Sources */,
				16FD8AC227BC34EB000C4D8F /* AuthenrticationFirebaseDatasource.swift in Sources */,
				163F6FC527B1B11C00397D94 /* HomeView.swift in Sources */,
				1675722A27C80CBC0090966A /* LikesModel.swift in Sources */,
				16FD8AC627BC3BB0000C4D8F /* AuthenticationViewModel.swift in Sources */,
				16DD4EA827AB1ECE00135585 /* DashboardView.swift in Sources */,
				1675722427C40A6B0090966A /* LikesViewModel.swift in Sources */,
				168B6A4327B88800000EE04D /* UpcomingMoviesViewModel.swift in Sources */,
				16FD8ACA27BC65F3000C4D8F /* ForgotPasswordView.swift in Sources */,
				16644C0627AC8530006886C8 /* SUImagePickerView.swift in Sources */,
				1675723327CAF7FA0090966A /* ImagePicker.swift in Sources */,
				164788EB27A8C38900C4DC77 /* LottieImage.swift in Sources */,
				16FD8AC427BC394D000C4D8F /* AuthenticationRepository.swift in Sources */,
				1675722827C40AD00090966A /* LikesDataSource.swift in Sources */,
				1675722627C40AAD0090966A /* LikesRepository.swift in Sources */,
				168B6A4727B96C0A000EE04D /* MovieDetailView.swift in Sources */,
				1632AA3827B5944400A4FDC1 /* MoviesModel.swift in Sources */,
				164788E627A8BAFB00C4DC77 /* SigninView.swift in Sources */,
				168B6A4527B88D3D000EE04D /* TopRatedMoviesViewModel.swift in Sources */,
				16F3216927C188A300E90284 /* CommentView.swift in Sources */,
				163F6FC927B2049300397D94 /* EditProfileView.swift in Sources */,
				16DD4EAA27AB207F00135585 /* AvatarNicknameView.swift in Sources */,
			);
			runOnlyForDeploymentPostprocessing = 0;
		};
/* End PBXSourcesBuildPhase section */

/* Begin XCBuildConfiguration section */
		164788E027A8BA1B00C4DC77 /* Debug */ = {
			isa = XCBuildConfiguration;
			buildSettings = {
				ALWAYS_SEARCH_USER_PATHS = NO;
				CLANG_ANALYZER_NONNULL = YES;
				CLANG_ANALYZER_NUMBER_OBJECT_CONVERSION = YES_AGGRESSIVE;
				CLANG_CXX_LANGUAGE_STANDARD = "gnu++17";
				CLANG_CXX_LIBRARY = "libc++";
				CLANG_ENABLE_MODULES = YES;
				CLANG_ENABLE_OBJC_ARC = YES;
				CLANG_ENABLE_OBJC_WEAK = YES;
				CLANG_WARN_BLOCK_CAPTURE_AUTORELEASING = YES;
				CLANG_WARN_BOOL_CONVERSION = YES;
				CLANG_WARN_COMMA = YES;
				CLANG_WARN_CONSTANT_CONVERSION = YES;
				CLANG_WARN_DEPRECATED_OBJC_IMPLEMENTATIONS = YES;
				CLANG_WARN_DIRECT_OBJC_ISA_USAGE = YES_ERROR;
				CLANG_WARN_DOCUMENTATION_COMMENTS = YES;
				CLANG_WARN_EMPTY_BODY = YES;
				CLANG_WARN_ENUM_CONVERSION = YES;
				CLANG_WARN_INFINITE_RECURSION = YES;
				CLANG_WARN_INT_CONVERSION = YES;
				CLANG_WARN_NON_LITERAL_NULL_CONVERSION = YES;
				CLANG_WARN_OBJC_IMPLICIT_RETAIN_SELF = YES;
				CLANG_WARN_OBJC_LITERAL_CONVERSION = YES;
				CLANG_WARN_OBJC_ROOT_CLASS = YES_ERROR;
				CLANG_WARN_QUOTED_INCLUDE_IN_FRAMEWORK_HEADER = YES;
				CLANG_WARN_RANGE_LOOP_ANALYSIS = YES;
				CLANG_WARN_STRICT_PROTOTYPES = YES;
				CLANG_WARN_SUSPICIOUS_MOVE = YES;
				CLANG_WARN_UNGUARDED_AVAILABILITY = YES_AGGRESSIVE;
				CLANG_WARN_UNREACHABLE_CODE = YES;
				CLANG_WARN__DUPLICATE_METHOD_MATCH = YES;
				COPY_PHASE_STRIP = NO;
				DEBUG_INFORMATION_FORMAT = dwarf;
				ENABLE_STRICT_OBJC_MSGSEND = YES;
				ENABLE_TESTABILITY = YES;
				GCC_C_LANGUAGE_STANDARD = gnu11;
				GCC_DYNAMIC_NO_PIC = NO;
				GCC_NO_COMMON_BLOCKS = YES;
				GCC_OPTIMIZATION_LEVEL = 0;
				GCC_PREPROCESSOR_DEFINITIONS = (
					"DEBUG=1",
					"$(inherited)",
				);
				GCC_WARN_64_TO_32_BIT_CONVERSION = YES;
				GCC_WARN_ABOUT_RETURN_TYPE = YES_ERROR;
				GCC_WARN_UNDECLARED_SELECTOR = YES;
				GCC_WARN_UNINITIALIZED_AUTOS = YES_AGGRESSIVE;
				GCC_WARN_UNUSED_FUNCTION = YES;
				GCC_WARN_UNUSED_VARIABLE = YES;
				IPHONEOS_DEPLOYMENT_TARGET = 15.2;
				MTL_ENABLE_DEBUG_INFO = INCLUDE_SOURCE;
				MTL_FAST_MATH = YES;
				ONLY_ACTIVE_ARCH = YES;
				SDKROOT = iphoneos;
				SWIFT_ACTIVE_COMPILATION_CONDITIONS = DEBUG;
				SWIFT_OPTIMIZATION_LEVEL = "-Onone";
			};
			name = Debug;
		};
		164788E127A8BA1B00C4DC77 /* Release */ = {
			isa = XCBuildConfiguration;
			buildSettings = {
				ALWAYS_SEARCH_USER_PATHS = NO;
				CLANG_ANALYZER_NONNULL = YES;
				CLANG_ANALYZER_NUMBER_OBJECT_CONVERSION = YES_AGGRESSIVE;
				CLANG_CXX_LANGUAGE_STANDARD = "gnu++17";
				CLANG_CXX_LIBRARY = "libc++";
				CLANG_ENABLE_MODULES = YES;
				CLANG_ENABLE_OBJC_ARC = YES;
				CLANG_ENABLE_OBJC_WEAK = YES;
				CLANG_WARN_BLOCK_CAPTURE_AUTORELEASING = YES;
				CLANG_WARN_BOOL_CONVERSION = YES;
				CLANG_WARN_COMMA = YES;
				CLANG_WARN_CONSTANT_CONVERSION = YES;
				CLANG_WARN_DEPRECATED_OBJC_IMPLEMENTATIONS = YES;
				CLANG_WARN_DIRECT_OBJC_ISA_USAGE = YES_ERROR;
				CLANG_WARN_DOCUMENTATION_COMMENTS = YES;
				CLANG_WARN_EMPTY_BODY = YES;
				CLANG_WARN_ENUM_CONVERSION = YES;
				CLANG_WARN_INFINITE_RECURSION = YES;
				CLANG_WARN_INT_CONVERSION = YES;
				CLANG_WARN_NON_LITERAL_NULL_CONVERSION = YES;
				CLANG_WARN_OBJC_IMPLICIT_RETAIN_SELF = YES;
				CLANG_WARN_OBJC_LITERAL_CONVERSION = YES;
				CLANG_WARN_OBJC_ROOT_CLASS = YES_ERROR;
				CLANG_WARN_QUOTED_INCLUDE_IN_FRAMEWORK_HEADER = YES;
				CLANG_WARN_RANGE_LOOP_ANALYSIS = YES;
				CLANG_WARN_STRICT_PROTOTYPES = YES;
				CLANG_WARN_SUSPICIOUS_MOVE = YES;
				CLANG_WARN_UNGUARDED_AVAILABILITY = YES_AGGRESSIVE;
				CLANG_WARN_UNREACHABLE_CODE = YES;
				CLANG_WARN__DUPLICATE_METHOD_MATCH = YES;
				COPY_PHASE_STRIP = NO;
				DEBUG_INFORMATION_FORMAT = "dwarf-with-dsym";
				ENABLE_NS_ASSERTIONS = NO;
				ENABLE_STRICT_OBJC_MSGSEND = YES;
				GCC_C_LANGUAGE_STANDARD = gnu11;
				GCC_NO_COMMON_BLOCKS = YES;
				GCC_WARN_64_TO_32_BIT_CONVERSION = YES;
				GCC_WARN_ABOUT_RETURN_TYPE = YES_ERROR;
				GCC_WARN_UNDECLARED_SELECTOR = YES;
				GCC_WARN_UNINITIALIZED_AUTOS = YES_AGGRESSIVE;
				GCC_WARN_UNUSED_FUNCTION = YES;
				GCC_WARN_UNUSED_VARIABLE = YES;
				IPHONEOS_DEPLOYMENT_TARGET = 15.2;
				MTL_ENABLE_DEBUG_INFO = NO;
				MTL_FAST_MATH = YES;
				SDKROOT = iphoneos;
				SWIFT_COMPILATION_MODE = wholemodule;
				SWIFT_OPTIMIZATION_LEVEL = "-O";
				VALIDATE_PRODUCT = YES;
			};
			name = Release;
		};
		164788E327A8BA1B00C4DC77 /* Debug */ = {
			isa = XCBuildConfiguration;
			buildSettings = {
				ASSETCATALOG_COMPILER_APPICON_NAME = AppIcon;
				ASSETCATALOG_COMPILER_GLOBAL_ACCENT_COLOR_NAME = AccentColor;
				CODE_SIGN_STYLE = Automatic;
				CURRENT_PROJECT_VERSION = 1;
				DEVELOPMENT_ASSET_PATHS = "\"AppCine/Preview Content\"";
				DEVELOPMENT_TEAM = 6Z8MU97UL5;
				ENABLE_PREVIEWS = YES;
				GENERATE_INFOPLIST_FILE = YES;
				INFOPLIST_FILE = AppCine/Info.plist;
				INFOPLIST_KEY_NSCameraUsageDescription = "It will use camera in order to take a picture to your avatar";
				INFOPLIST_KEY_UIApplicationSceneManifest_Generation = YES;
				INFOPLIST_KEY_UIApplicationSupportsIndirectInputEvents = YES;
				INFOPLIST_KEY_UILaunchScreen_Generation = YES;
				INFOPLIST_KEY_UISupportedInterfaceOrientations_iPad = "UIInterfaceOrientationPortrait UIInterfaceOrientationPortraitUpsideDown UIInterfaceOrientationLandscapeLeft UIInterfaceOrientationLandscapeRight";
				INFOPLIST_KEY_UISupportedInterfaceOrientations_iPhone = "UIInterfaceOrientationPortrait UIInterfaceOrientationLandscapeLeft UIInterfaceOrientationLandscapeRight";
				LD_RUNPATH_SEARCH_PATHS = (
					"$(inherited)",
					"@executable_path/Frameworks",
				);
				MARKETING_VERSION = 1.0;
				PRODUCT_BUNDLE_IDENTIFIER = Jacob.AppCine;
				PRODUCT_NAME = "$(TARGET_NAME)";
				SWIFT_EMIT_LOC_STRINGS = YES;
				SWIFT_VERSION = 5.0;
				TARGETED_DEVICE_FAMILY = "1,2";
			};
			name = Debug;
		};
		164788E427A8BA1B00C4DC77 /* Release */ = {
			isa = XCBuildConfiguration;
			buildSettings = {
				ASSETCATALOG_COMPILER_APPICON_NAME = AppIcon;
				ASSETCATALOG_COMPILER_GLOBAL_ACCENT_COLOR_NAME = AccentColor;
				CODE_SIGN_STYLE = Automatic;
				CURRENT_PROJECT_VERSION = 1;
				DEVELOPMENT_ASSET_PATHS = "\"AppCine/Preview Content\"";
				DEVELOPMENT_TEAM = 6Z8MU97UL5;
				ENABLE_PREVIEWS = YES;
				GENERATE_INFOPLIST_FILE = YES;
				INFOPLIST_FILE = AppCine/Info.plist;
				INFOPLIST_KEY_NSCameraUsageDescription = "It will use camera in order to take a picture to your avatar";
				INFOPLIST_KEY_UIApplicationSceneManifest_Generation = YES;
				INFOPLIST_KEY_UIApplicationSupportsIndirectInputEvents = YES;
				INFOPLIST_KEY_UILaunchScreen_Generation = YES;
				INFOPLIST_KEY_UISupportedInterfaceOrientations_iPad = "UIInterfaceOrientationPortrait UIInterfaceOrientationPortraitUpsideDown UIInterfaceOrientationLandscapeLeft UIInterfaceOrientationLandscapeRight";
				INFOPLIST_KEY_UISupportedInterfaceOrientations_iPhone = "UIInterfaceOrientationPortrait UIInterfaceOrientationLandscapeLeft UIInterfaceOrientationLandscapeRight";
				LD_RUNPATH_SEARCH_PATHS = (
					"$(inherited)",
					"@executable_path/Frameworks",
				);
				MARKETING_VERSION = 1.0;
				PRODUCT_BUNDLE_IDENTIFIER = Jacob.AppCine;
				PRODUCT_NAME = "$(TARGET_NAME)";
				SWIFT_EMIT_LOC_STRINGS = YES;
				SWIFT_VERSION = 5.0;
				TARGETED_DEVICE_FAMILY = "1,2";
			};
			name = Release;
		};
/* End XCBuildConfiguration section */

/* Begin XCConfigurationList section */
		164788CF27A8BA1900C4DC77 /* Build configuration list for PBXProject "AppCine" */ = {
			isa = XCConfigurationList;
			buildConfigurations = (
				164788E027A8BA1B00C4DC77 /* Debug */,
				164788E127A8BA1B00C4DC77 /* Release */,
			);
			defaultConfigurationIsVisible = 0;
			defaultConfigurationName = Release;
		};
		164788E227A8BA1B00C4DC77 /* Build configuration list for PBXNativeTarget "AppCine" */ = {
			isa = XCConfigurationList;
			buildConfigurations = (
				164788E327A8BA1B00C4DC77 /* Debug */,
				164788E427A8BA1B00C4DC77 /* Release */,
			);
			defaultConfigurationIsVisible = 0;
			defaultConfigurationName = Release;
		};
/* End XCConfigurationList section */

/* Begin XCRemoteSwiftPackageReference section */
		164788E727A8C32B00C4DC77 /* XCRemoteSwiftPackageReference "lottie-ios" */ = {
			isa = XCRemoteSwiftPackageReference;
			repositoryURL = "https://github.com/LottieFiles/lottie-ios";
			requirement = {
				kind = upToNextMajorVersion;
				minimumVersion = 3.0.0;
			};
		};
		168B6A3F27B842C5000EE04D /* XCRemoteSwiftPackageReference "Kingfisher" */ = {
			isa = XCRemoteSwiftPackageReference;
			repositoryURL = "https://github.com/onevcat/Kingfisher";
			requirement = {
				branch = master;
				kind = branch;
			};
		};
		16FD8AB727BABF74000C4D8F /* XCRemoteSwiftPackageReference "firebase-ios-sdk" */ = {
			isa = XCRemoteSwiftPackageReference;
			repositoryURL = "https://github.com/firebase/firebase-ios-sdk.git";
			requirement = {
				kind = upToNextMajorVersion;
				minimumVersion = 8.0.0;
			};
		};
		16FD8ACB27BED373000C4D8F /* XCRemoteSwiftPackageReference "GoogleSignIn-iOS" */ = {
			isa = XCRemoteSwiftPackageReference;
			repositoryURL = "https://github.com/google/GoogleSignIn-iOS.git";
			requirement = {
				kind = upToNextMajorVersion;
				minimumVersion = 6.0.0;
			};
		};
/* End XCRemoteSwiftPackageReference section */

/* Begin XCSwiftPackageProductDependency section */
		164788E827A8C32B00C4DC77 /* Lottie */ = {
			isa = XCSwiftPackageProductDependency;
			package = 164788E727A8C32B00C4DC77 /* XCRemoteSwiftPackageReference "lottie-ios" */;
			productName = Lottie;
		};
		1675721E27C40A020090966A /* FirebaseFirestore */ = {
			isa = XCSwiftPackageProductDependency;
			package = 16FD8AB727BABF74000C4D8F /* XCRemoteSwiftPackageReference "firebase-ios-sdk" */;
			productName = FirebaseFirestore;
		};
		1675722027C40A020090966A /* FirebaseFirestoreSwift-Beta */ = {
			isa = XCSwiftPackageProductDependency;
			package = 16FD8AB727BABF74000C4D8F /* XCRemoteSwiftPackageReference "firebase-ios-sdk" */;
			productName = "FirebaseFirestoreSwift-Beta";
		};
		1675722E27C989FD0090966A /* FirebaseStorage */ = {
			isa = XCSwiftPackageProductDependency;
			package = 16FD8AB727BABF74000C4D8F /* XCRemoteSwiftPackageReference "firebase-ios-sdk" */;
			productName = FirebaseStorage;
		};
		1675723027C989FD0090966A /* FirebaseStorageSwift-Beta */ = {
			isa = XCSwiftPackageProductDependency;
			package = 16FD8AB727BABF74000C4D8F /* XCRemoteSwiftPackageReference "firebase-ios-sdk" */;
			productName = "FirebaseStorageSwift-Beta";
		};
		168B6A4027B842C6000EE04D /* Kingfisher */ = {
			isa = XCSwiftPackageProductDependency;
			package = 168B6A3F27B842C5000EE04D /* XCRemoteSwiftPackageReference "Kingfisher" */;
			productName = Kingfisher;
		};
		16FD8AB827BABF74000C4D8F /* FirebaseAnalytics */ = {
			isa = XCSwiftPackageProductDependency;
			package = 16FD8AB727BABF74000C4D8F /* XCRemoteSwiftPackageReference "firebase-ios-sdk" */;
			productName = FirebaseAnalytics;
		};
		16FD8ABA27BABF74000C4D8F /* FirebaseAnalyticsSwift-Beta */ = {
			isa = XCSwiftPackageProductDependency;
			package = 16FD8AB727BABF74000C4D8F /* XCRemoteSwiftPackageReference "firebase-ios-sdk" */;
			productName = "FirebaseAnalyticsSwift-Beta";
		};
		16FD8ABF27BAC45B000C4D8F /* FirebaseAuth */ = {
			isa = XCSwiftPackageProductDependency;
			package = 16FD8AB727BABF74000C4D8F /* XCRemoteSwiftPackageReference "firebase-ios-sdk" */;
			productName = FirebaseAuth;
		};
		16FD8ACC27BED374000C4D8F /* GoogleSignIn */ = {
			isa = XCSwiftPackageProductDependency;
			package = 16FD8ACB27BED373000C4D8F /* XCRemoteSwiftPackageReference "GoogleSignIn-iOS" */;
			productName = GoogleSignIn;
		};
/* End XCSwiftPackageProductDependency section */
	};
	rootObject = 164788CC27A8BA1900C4DC77 /* Project object */;
}
