{
  "object": {
    "pins": [
      {
        "package": "Kingfisher",
        "repositoryURL": "https://github.com/onevcat/Kingfisher",
        "state": {
          "branch": "master",
          "revision": "c21f9abbfa29dd3e1456387503d722ca5d11a71e",
          "version": null
        }
      },
      {
        "package": "Lottie",
        "repositoryURL": "https://github.com/LottieFiles/lottie-ios",
        "state": {
          "branch": null,
          "revision": "eb115967234671b725264422d82c9d1d6b226e5a",
          "version": "3.1.5"
        }
      }
    ]
  },
  "version": 1
}
